{
  "originHash" : "22964a358f199a59ad16018a19f61c1a4d898478575a8b59a7883eda0dd9d62b",
  "pins" : [
    {
      "identity" : "keyboardkitpro",
      "kind" : "remoteSourceControl",
      "location" : "https://github.com/KeyboardKit/KeyboardKitPro.git",
      "state" : {
        "revision" : "fb2b94a403fe3e3183f92de04c47968ed183ed2b",
        "version" : "8.9.0"
      }
    }
  ],
  "version" : 3
}
